{
  "object": {
    "pins": [
      {
        "package": "swift-case-paths",
        "repositoryURL": "git@github.com:matheus-air/swift-case-paths",
        "state": {
          "branch": "ios-11-compatibility",
          "revision": "7b29698b4332453e135a00a58e6da1e76214212c",
          "version": null
        }
      },
      {
        "package": "swift-custom-dump",
        "repositoryURL": "git@github.com:matheus-air/swift-custom-dump",
        "state": {
          "branch": "ios-11-compatibility",
          "revision": "0c655cd8235771ec24740638d852043a8ecd0c61",
          "version": null
        }
      },
      {
        "package": "SwiftDocCPlugin",
        "repositoryURL": "https://github.com/apple/swift-docc-plugin",
        "state": {
          "branch": null,
          "revision": "26ac5758409154cc448d7ab82389c520fa8a8247",
          "version": "1.3.0"
        }
      },
      {
        "package": "SymbolKit",
        "repositoryURL": "https://github.com/apple/swift-docc-symbolkit",
        "state": {
          "branch": null,
          "revision": "b45d1f2ed151d057b54504d653e0da5552844e34",
          "version": "1.0.0"
        }
      },
      {
        "package": "xctest-dynamic-overlay",
        "repositoryURL": "git@github.com:matheus-air/xctest-dynamic-overlay",
        "state": {
          "branch": "ios-11-compatibility",
          "revision": "6755647d578e0401fe2addbef8ff18305e9aad66",
          "version": null
        }
      }
    ]
  },
  "version": 1
}
