{
  "object": {
    "pins": [
      {
        "package": "swift-case-paths",
        "repositoryURL": "git@github.com:matheus-air/swift-case-paths",
        "state": {
          "branch": "ios-11-compatibility",
          "revision": "c7a643af85b27a07721899286ab8a66cb09ea2aa",
          "version": null
        }
      },
      {
        "package": "swift-custom-dump",
        "repositoryURL": "git@github.com:matheus-air/swift-custom-dump",
        "state": {
          "branch": "ios-11-compatibility",
          "revision": "2c5a992ccf6523c8cfedce686c86e8a884f8d8ff",
          "version": null
        }
      },
      {
        "package": "SwiftDocCPlugin",
        "repositoryURL": "https://github.com/apple/swift-docc-plugin",
        "state": {
          "branch": null,
          "revision": "3303b164430d9a7055ba484c8ead67a52f7b74f6",
          "version": "1.0.0"
        }
      },
      {
        "package": "xctest-dynamic-overlay",
        "repositoryURL": "git@github.com:matheus-air/xctest-dynamic-overlay",
        "state": {
          "branch": "ios-11-compatibility",
          "revision": "623a0f8757c530d495558e4f1eddef17cf93f6e8",
          "version": null
        }
      }
    ]
  },
  "version": 1
}
